
Microsoft Visual Studio Solution File, Format Version 12.00
# Visual Studio Version 16
VisualStudioVersion = 16.0.32106.194
MinimumVisualStudioVersion = 10.0.40219.1
Project("{FAE04EC0-301F-11D3-BF4B-00C04F79EFBC}") = "LabSintaxis2", "LabSintaxis2\LabSintaxis2.csproj", "{CFCBB153-49DA-4588-BF36-5EFB1CF84C1C}"
EndProject
Project("{FAE04EC0-301F-11D3-BF4B-00C04F79EFBC}") = "LabSintaxis3", "LabSintaxis3\LabSintaxis3.csproj", "{4F2C5C2C-857D-4D53-9AA9-DE97CC73A1C7}"
EndProject
Project("{FAE04EC0-301F-11D3-BF4B-00C04F79EFBC}") = "LabSintaxis4", "LabSintaxis4\LabSintaxis4.csproj", "{82E07441-BB79-4C86-AF18-1B4E2A66EB6D}"
EndProject
Project("{FAE04EC0-301F-11D3-BF4B-00C04F79EFBC}") = "LabSintaxis2.2", "LabSintaxis2.2\LabSintaxis2.2.csproj", "{72E2ED69-80EC-40D1-A2E7-DA0D30D995C7}"
EndProject
Global
	GlobalSection(SolutionConfigurationPlatforms) = preSolution
		Debug|Any CPU = Debug|Any CPU
		Release|Any CPU = Release|Any CPU
	EndGlobalSection
	GlobalSection(ProjectConfigurationPlatforms) = postSolution
		{CFCBB153-49DA-4588-BF36-5EFB1CF84C1C}.Debug|Any CPU.ActiveCfg = Debug|Any CPU
		{CFCBB153-49DA-4588-BF36-5EFB1CF84C1C}.Debug|Any CPU.Build.0 = Debug|Any CPU
		{CFCBB153-49DA-4588-BF36-5EFB1CF84C1C}.Release|Any CPU.ActiveCfg = Release|Any CPU
		{CFCBB153-49DA-4588-BF36-5EFB1CF84C1C}.Release|Any CPU.Build.0 = Release|Any CPU
		{4F2C5C2C-857D-4D53-9AA9-DE97CC73A1C7}.Debug|Any CPU.ActiveCfg = Debug|Any CPU
		{4F2C5C2C-857D-4D53-9AA9-DE97CC73A1C7}.Debug|Any CPU.Build.0 = Debug|Any CPU
		{4F2C5C2C-857D-4D53-9AA9-DE97CC73A1C7}.Release|Any CPU.ActiveCfg = Release|Any CPU
		{4F2C5C2C-857D-4D53-9AA9-DE97CC73A1C7}.Release|Any CPU.Build.0 = Release|Any CPU
		{82E07441-BB79-4C86-AF18-1B4E2A66EB6D}.Debug|Any CPU.ActiveCfg = Debug|Any CPU
		{82E07441-BB79-4C86-AF18-1B4E2A66EB6D}.Debug|Any CPU.Build.0 = Debug|Any CPU
		{82E07441-BB79-4C86-AF18-1B4E2A66EB6D}.Release|Any CPU.ActiveCfg = Release|Any CPU
		{82E07441-BB79-4C86-AF18-1B4E2A66EB6D}.Release|Any CPU.Build.0 = Release|Any CPU
		{72E2ED69-80EC-40D1-A2E7-DA0D30D995C7}.Debug|Any CPU.ActiveCfg = Debug|Any CPU
		{72E2ED69-80EC-40D1-A2E7-DA0D30D995C7}.Debug|Any CPU.Build.0 = Debug|Any CPU
		{72E2ED69-80EC-40D1-A2E7-DA0D30D995C7}.Release|Any CPU.ActiveCfg = Release|Any CPU
		{72E2ED69-80EC-40D1-A2E7-DA0D30D995C7}.Release|Any CPU.Build.0 = Release|Any CPU
	EndGlobalSection
	GlobalSection(SolutionProperties) = preSolution
		HideSolutionNode = FALSE
	EndGlobalSection
	GlobalSection(ExtensibilityGlobals) = postSolution
		SolutionGuid = {1B4CD9B8-DA86-41CB-A2D2-510F1C8D787B}
	EndGlobalSection
EndGlobal
