
Microsoft Visual Studio Solution File, Format Version 12.00
# Visual Studio Version 16
VisualStudioVersion = 16.0.32407.337
MinimumVisualStudioVersion = 10.0.40219.1
Project("{FAE04EC0-301F-11D3-BF4B-00C04F79EFBC}") = "LabLINQ1", "LabLINQ1\LabLINQ1.csproj", "{F84BEF5A-0BB7-471C-BE63-1E6643BA4F95}"
EndProject
Global
	GlobalSection(SolutionConfigurationPlatforms) = preSolution
		Debug|Any CPU = Debug|Any CPU
		Release|Any CPU = Release|Any CPU
	EndGlobalSection
	GlobalSection(ProjectConfigurationPlatforms) = postSolution
		{F84BEF5A-0BB7-471C-BE63-1E6643BA4F95}.Debug|Any CPU.ActiveCfg = Debug|Any CPU
		{F84BEF5A-0BB7-471C-BE63-1E6643BA4F95}.Debug|Any CPU.Build.0 = Debug|Any CPU
		{F84BEF5A-0BB7-471C-BE63-1E6643BA4F95}.Release|Any CPU.ActiveCfg = Release|Any CPU
		{F84BEF5A-0BB7-471C-BE63-1E6643BA4F95}.Release|Any CPU.Build.0 = Release|Any CPU
	EndGlobalSection
	GlobalSection(SolutionProperties) = preSolution
		HideSolutionNode = FALSE
	EndGlobalSection
	GlobalSection(ExtensibilityGlobals) = postSolution
		SolutionGuid = {C4B0EDCE-3ECF-4C08-8445-B3B737EBA4AF}
	EndGlobalSection
EndGlobal
