
Microsoft Visual Studio Solution File, Format Version 12.00
# Visual Studio Version 16
VisualStudioVersion = 16.0.32407.337
MinimumVisualStudioVersion = 10.0.40219.1
Project("{FAE04EC0-301F-11D3-BF4B-00C04F79EFBC}") = "LabLINQ2", "LabLINQ2\LabLINQ2.csproj", "{031A8295-9780-4E8C-BC17-B38795664171}"
EndProject
Global
	GlobalSection(SolutionConfigurationPlatforms) = preSolution
		Debug|Any CPU = Debug|Any CPU
		Release|Any CPU = Release|Any CPU
	EndGlobalSection
	GlobalSection(ProjectConfigurationPlatforms) = postSolution
		{031A8295-9780-4E8C-BC17-B38795664171}.Debug|Any CPU.ActiveCfg = Debug|Any CPU
		{031A8295-9780-4E8C-BC17-B38795664171}.Debug|Any CPU.Build.0 = Debug|Any CPU
		{031A8295-9780-4E8C-BC17-B38795664171}.Release|Any CPU.ActiveCfg = Release|Any CPU
		{031A8295-9780-4E8C-BC17-B38795664171}.Release|Any CPU.Build.0 = Release|Any CPU
	EndGlobalSection
	GlobalSection(SolutionProperties) = preSolution
		HideSolutionNode = FALSE
	EndGlobalSection
	GlobalSection(ExtensibilityGlobals) = postSolution
		SolutionGuid = {657B7266-2071-435C-A92F-1E38DB423CE5}
	EndGlobalSection
EndGlobal
